
Microsoft Visual Studio Solution File, Format Version 12.00
# Visual Studio Version 17
VisualStudioVersion = 17.1.32210.238
MinimumVisualStudioVersion = 10.0.40219.1
Project("{FAE04EC0-301F-11D3-BF4B-00C04F79EFBC}") = "NETThread", "NETThread\NETThread.csproj", "{808C8D4C-E133-47E6-8EFD-0FD95CC128AD}"
EndProject
Global
	GlobalSection(SolutionConfigurationPlatforms) = preSolution
		Debug|Any CPU = Debug|Any CPU
		Release|Any CPU = Release|Any CPU
	EndGlobalSection
	GlobalSection(ProjectConfigurationPlatforms) = postSolution
		{808C8D4C-E133-47E6-8EFD-0FD95CC128AD}.Debug|Any CPU.ActiveCfg = Debug|Any CPU
		{808C8D4C-E133-47E6-8EFD-0FD95CC128AD}.Debug|Any CPU.Build.0 = Debug|Any CPU
		{808C8D4C-E133-47E6-8EFD-0FD95CC128AD}.Release|Any CPU.ActiveCfg = Release|Any CPU
		{808C8D4C-E133-47E6-8EFD-0FD95CC128AD}.Release|Any CPU.Build.0 = Release|Any CPU
	EndGlobalSection
	GlobalSection(SolutionProperties) = preSolution
		HideSolutionNode = FALSE
	EndGlobalSection
	GlobalSection(ExtensibilityGlobals) = postSolution
		SolutionGuid = {E8640B43-A7DB-4B3F-9880-044BAC811E2B}
	EndGlobalSection
EndGlobal
